// !$*UTF8*$!
{
	archiveVersion = 1;
	classes = {
	};
	objectVersion = 55;
	objects = {

/* Begin PBXBuildFile section */
		080C29EB28B2C8A20058442F /* CryptoTableViewCell.swift in Sources */ = {isa = PBXBuildFile; fileRef = 080C29EA28B2C8A20058442F /* CryptoTableViewCell.swift */; };
		080C29ED28B2CCA30058442F /* CryptoCurrencyModel.swift in Sources */ = {isa = PBXBuildFile; fileRef = 080C29EC28B2CCA30058442F /* CryptoCurrencyModel.swift */; };
		080C29EF28B2CE720058442F /* CryptoService.swift in Sources */ = {isa = PBXBuildFile; fileRef = 080C29EE28B2CE720058442F /* CryptoService.swift */; };
		089529EA28B2A53800A326BF /* AppDelegate.swift in Sources */ = {isa = PBXBuildFile; fileRef = 089529E928B2A53800A326BF /* AppDelegate.swift */; };
		089529EC28B2A53800A326BF /* SceneDelegate.swift in Sources */ = {isa = PBXBuildFile; fileRef = 089529EB28B2A53800A326BF /* SceneDelegate.swift */; };
		089529EE28B2A53800A326BF /* ViewController.swift in Sources */ = {isa = PBXBuildFile; fileRef = 089529ED28B2A53800A326BF /* ViewController.swift */; };
		089529F128B2A53800A326BF /* Main.storyboard in Resources */ = {isa = PBXBuildFile; fileRef = 089529EF28B2A53800A326BF /* Main.storyboard */; };
		089529F328B2A53900A326BF /* Assets.xcassets in Resources */ = {isa = PBXBuildFile; fileRef = 089529F228B2A53900A326BF /* Assets.xcassets */; };
		089529F628B2A53900A326BF /* LaunchScreen.storyboard in Resources */ = {isa = PBXBuildFile; fileRef = 089529F428B2A53900A326BF /* LaunchScreen.storyboard */; };
		08952A0528B2A88300A326BF /* CryptoTableView.swift in Sources */ = {isa = PBXBuildFile; fileRef = 08952A0428B2A88300A326BF /* CryptoTableView.swift */; };
		08A428E428B42D3700364EAD /* CryptoViewModel.swift in Sources */ = {isa = PBXBuildFile; fileRef = 08A428E328B42D3700364EAD /* CryptoViewModel.swift */; };
/* End PBXBuildFile section */

/* Begin PBXFileReference section */
		080C29EA28B2C8A20058442F /* CryptoTableViewCell.swift */ = {isa = PBXFileReference; lastKnownFileType = sourcecode.swift; path = CryptoTableViewCell.swift; sourceTree = "<group>"; };
		080C29EC28B2CCA30058442F /* CryptoCurrencyModel.swift */ = {isa = PBXFileReference; lastKnownFileType = sourcecode.swift; path = CryptoCurrencyModel.swift; sourceTree = "<group>"; };
		080C29EE28B2CE720058442F /* CryptoService.swift */ = {isa = PBXFileReference; lastKnownFileType = sourcecode.swift; path = CryptoService.swift; sourceTree = "<group>"; };
		089529E628B2A53800A326BF /* Crypto-Currency-App-MVVM.app */ = {isa = PBXFileReference; explicitFileType = wrapper.application; includeInIndex = 0; path = "Crypto-Currency-App-MVVM.app"; sourceTree = BUILT_PRODUCTS_DIR; };
		089529E928B2A53800A326BF /* AppDelegate.swift */ = {isa = PBXFileReference; lastKnownFileType = sourcecode.swift; path = AppDelegate.swift; sourceTree = "<group>"; };
		089529EB28B2A53800A326BF /* SceneDelegate.swift */ = {isa = PBXFileReference; lastKnownFileType = sourcecode.swift; path = SceneDelegate.swift; sourceTree = "<group>"; };
		089529ED28B2A53800A326BF /* ViewController.swift */ = {isa = PBXFileReference; lastKnownFileType = sourcecode.swift; path = ViewController.swift; sourceTree = "<group>"; };
		089529F028B2A53800A326BF /* Base */ = {isa = PBXFileReference; lastKnownFileType = file.storyboard; name = Base; path = Base.lproj/Main.storyboard; sourceTree = "<group>"; };
		089529F228B2A53900A326BF /* Assets.xcassets */ = {isa = PBXFileReference; lastKnownFileType = folder.assetcatalog; path = Assets.xcassets; sourceTree = "<group>"; };
		089529F528B2A53900A326BF /* Base */ = {isa = PBXFileReference; lastKnownFileType = file.storyboard; name = Base; path = Base.lproj/LaunchScreen.storyboard; sourceTree = "<group>"; };
		089529F728B2A53900A326BF /* Info.plist */ = {isa = PBXFileReference; lastKnownFileType = text.plist.xml; path = Info.plist; sourceTree = "<group>"; };
		08952A0428B2A88300A326BF /* CryptoTableView.swift */ = {isa = PBXFileReference; lastKnownFileType = sourcecode.swift; path = CryptoTableView.swift; sourceTree = "<group>"; };
		08A428E328B42D3700364EAD /* CryptoViewModel.swift */ = {isa = PBXFileReference; lastKnownFileType = sourcecode.swift; path = CryptoViewModel.swift; sourceTree = "<group>"; };
/* End PBXFileReference section */

/* Begin PBXFrameworksBuildPhase section */
		089529E328B2A53800A326BF /* Frameworks */ = {
			isa = PBXFrameworksBuildPhase;
			buildActionMask = 2147483647;
			files = (
			);
			runOnlyForDeploymentPostprocessing = 0;
		};
/* End PBXFrameworksBuildPhase section */

/* Begin PBXGroup section */
		089529DD28B2A53800A326BF = {
			isa = PBXGroup;
			children = (
				089529E828B2A53800A326BF /* Crypto-Currency-App-MVVM */,
				089529E728B2A53800A326BF /* Products */,
			);
			sourceTree = "<group>";
		};
		089529E728B2A53800A326BF /* Products */ = {
			isa = PBXGroup;
			children = (
				089529E628B2A53800A326BF /* Crypto-Currency-App-MVVM.app */,
			);
			name = Products;
			sourceTree = "<group>";
		};
		089529E828B2A53800A326BF /* Crypto-Currency-App-MVVM */ = {
			isa = PBXGroup;
			children = (
				089529FE28B2A67400A326BF /* Features */,
				080C29EA28B2C8A20058442F /* CryptoTableViewCell.swift */,
				089529FD28B2A54000A326BF /* Core */,
				089529F228B2A53900A326BF /* Assets.xcassets */,
				089529F728B2A53900A326BF /* Info.plist */,
			);
			path = "Crypto-Currency-App-MVVM";
			sourceTree = "<group>";
		};
		089529FD28B2A54000A326BF /* Core */ = {
			isa = PBXGroup;
			children = (
				089529E928B2A53800A326BF /* AppDelegate.swift */,
				089529EB28B2A53800A326BF /* SceneDelegate.swift */,
				089529ED28B2A53800A326BF /* ViewController.swift */,
				089529F428B2A53900A326BF /* LaunchScreen.storyboard */,
				089529EF28B2A53800A326BF /* Main.storyboard */,
			);
			path = Core;
			sourceTree = "<group>";
		};
		089529FE28B2A67400A326BF /* Features */ = {
			isa = PBXGroup;
			children = (
				08952A0228B2A69C00A326BF /* View */,
				08952A0128B2A68600A326BF /* ViewModel */,
				08952A0028B2A68100A326BF /* Model */,
				089529FF28B2A67C00A326BF /* Service */,
			);
			path = Features;
			sourceTree = "<group>";
		};
		089529FF28B2A67C00A326BF /* Service */ = {
			isa = PBXGroup;
			children = (
				080C29EE28B2CE720058442F /* CryptoService.swift */,
			);
			path = Service;
			sourceTree = "<group>";
		};
		08952A0028B2A68100A326BF /* Model */ = {
			isa = PBXGroup;
			children = (
				080C29EC28B2CCA30058442F /* CryptoCurrencyModel.swift */,
			);
			path = Model;
			sourceTree = "<group>";
		};
		08952A0128B2A68600A326BF /* ViewModel */ = {
			isa = PBXGroup;
			children = (
				08A428E328B42D3700364EAD /* CryptoViewModel.swift */,
			);
			path = ViewModel;
			sourceTree = "<group>";
		};
		08952A0228B2A69C00A326BF /* View */ = {
			isa = PBXGroup;
			children = (
				08952A0328B2A75C00A326BF /* SubView */,
			);
			path = View;
			sourceTree = "<group>";
		};
		08952A0328B2A75C00A326BF /* SubView */ = {
			isa = PBXGroup;
			children = (
				08952A0428B2A88300A326BF /* CryptoTableView.swift */,
			);
			path = SubView;
			sourceTree = "<group>";
		};
/* End PBXGroup section */

/* Begin PBXNativeTarget section */
		089529E528B2A53800A326BF /* Crypto-Currency-App-MVVM */ = {
			isa = PBXNativeTarget;
			buildConfigurationList = 089529FA28B2A53900A326BF /* Build configuration list for PBXNativeTarget "Crypto-Currency-App-MVVM" */;
			buildPhases = (
				089529E228B2A53800A326BF /* Sources */,
				089529E328B2A53800A326BF /* Frameworks */,
				089529E428B2A53800A326BF /* Resources */,
			);
			buildRules = (
			);
			dependencies = (
			);
			name = "Crypto-Currency-App-MVVM";
			productName = "Crypto-Currency-App-MVVM";
			productReference = 089529E628B2A53800A326BF /* Crypto-Currency-App-MVVM.app */;
			productType = "com.apple.product-type.application";
		};
/* End PBXNativeTarget section */

/* Begin PBXProject section */
		089529DE28B2A53800A326BF /* Project object */ = {
			isa = PBXProject;
			attributes = {
				BuildIndependentTargetsInParallel = 1;
				LastSwiftUpdateCheck = 1330;
				LastUpgradeCheck = 1330;
				TargetAttributes = {
					089529E528B2A53800A326BF = {
						CreatedOnToolsVersion = 13.3;
					};
				};
			};
			buildConfigurationList = 089529E128B2A53800A326BF /* Build configuration list for PBXProject "Crypto-Currency-App-MVVM" */;
			compatibilityVersion = "Xcode 13.0";
			developmentRegion = en;
			hasScannedForEncodings = 0;
			knownRegions = (
				en,
				Base,
			);
			mainGroup = 089529DD28B2A53800A326BF;
			productRefGroup = 089529E728B2A53800A326BF /* Products */;
			projectDirPath = "";
			projectRoot = "";
			targets = (
				089529E528B2A53800A326BF /* Crypto-Currency-App-MVVM */,
			);
		};
/* End PBXProject section */

/* Begin PBXResourcesBuildPhase section */
		089529E428B2A53800A326BF /* Resources */ = {
			isa = PBXResourcesBuildPhase;
			buildActionMask = 2147483647;
			files = (
				089529F628B2A53900A326BF /* LaunchScreen.storyboard in Resources */,
				089529F328B2A53900A326BF /* Assets.xcassets in Resources */,
				089529F128B2A53800A326BF /* Main.storyboard in Resources */,
			);
			runOnlyForDeploymentPostprocessing = 0;
		};
/* End PBXResourcesBuildPhase section */

/* Begin PBXSourcesBuildPhase section */
		089529E228B2A53800A326BF /* Sources */ = {
			isa = PBXSourcesBuildPhase;
			buildActionMask = 2147483647;
			files = (
				089529EE28B2A53800A326BF /* ViewController.swift in Sources */,
				080C29ED28B2CCA30058442F /* CryptoCurrencyModel.swift in Sources */,
				089529EA28B2A53800A326BF /* AppDelegate.swift in Sources */,
				089529EC28B2A53800A326BF /* SceneDelegate.swift in Sources */,
				080C29EB28B2C8A20058442F /* CryptoTableViewCell.swift in Sources */,
				08A428E428B42D3700364EAD /* CryptoViewModel.swift in Sources */,
				08952A0528B2A88300A326BF /* CryptoTableView.swift in Sources */,
				080C29EF28B2CE720058442F /* CryptoService.swift in Sources */,
			);
			runOnlyForDeploymentPostprocessing = 0;
		};
/* End PBXSourcesBuildPhase section */

/* Begin PBXVariantGroup section */
		089529EF28B2A53800A326BF /* Main.storyboard */ = {
			isa = PBXVariantGroup;
			children = (
				089529F028B2A53800A326BF /* Base */,
			);
			name = Main.storyboard;
			sourceTree = "<group>";
		};
		089529F428B2A53900A326BF /* LaunchScreen.storyboard */ = {
			isa = PBXVariantGroup;
			children = (
				089529F528B2A53900A326BF /* Base */,
			);
			name = LaunchScreen.storyboard;
			sourceTree = "<group>";
		};
/* End PBXVariantGroup section */

/* Begin XCBuildConfiguration section */
		089529F828B2A53900A326BF /* Debug */ = {
			isa = XCBuildConfiguration;
			buildSettings = {
				ALWAYS_SEARCH_USER_PATHS = NO;
				CLANG_ANALYZER_NONNULL = YES;
				CLANG_ANALYZER_NUMBER_OBJECT_CONVERSION = YES_AGGRESSIVE;
				CLANG_CXX_LANGUAGE_STANDARD = "gnu++17";
				CLANG_ENABLE_MODULES = YES;
				CLANG_ENABLE_OBJC_ARC = YES;
				CLANG_ENABLE_OBJC_WEAK = YES;
				CLANG_WARN_BLOCK_CAPTURE_AUTORELEASING = YES;
				CLANG_WARN_BOOL_CONVERSION = YES;
				CLANG_WARN_COMMA = YES;
				CLANG_WARN_CONSTANT_CONVERSION = YES;
				CLANG_WARN_DEPRECATED_OBJC_IMPLEMENTATIONS = YES;
				CLANG_WARN_DIRECT_OBJC_ISA_USAGE = YES_ERROR;
				CLANG_WARN_DOCUMENTATION_COMMENTS = YES;
				CLANG_WARN_EMPTY_BODY = YES;
				CLANG_WARN_ENUM_CONVERSION = YES;
				CLANG_WARN_INFINITE_RECURSION = YES;
				CLANG_WARN_INT_CONVERSION = YES;
				CLANG_WARN_NON_LITERAL_NULL_CONVERSION = YES;
				CLANG_WARN_OBJC_IMPLICIT_RETAIN_SELF = YES;
				CLANG_WARN_OBJC_LITERAL_CONVERSION = YES;
				CLANG_WARN_OBJC_ROOT_CLASS = YES_ERROR;
				CLANG_WARN_QUOTED_INCLUDE_IN_FRAMEWORK_HEADER = YES;
				CLANG_WARN_RANGE_LOOP_ANALYSIS = YES;
				CLANG_WARN_STRICT_PROTOTYPES = YES;
				CLANG_WARN_SUSPICIOUS_MOVE = YES;
				CLANG_WARN_UNGUARDED_AVAILABILITY = YES_AGGRESSIVE;
				CLANG_WARN_UNREACHABLE_CODE = YES;
				CLANG_WARN__DUPLICATE_METHOD_MATCH = YES;
				COPY_PHASE_STRIP = NO;
				DEBUG_INFORMATION_FORMAT = dwarf;
				ENABLE_STRICT_OBJC_MSGSEND = YES;
				ENABLE_TESTABILITY = YES;
				GCC_C_LANGUAGE_STANDARD = gnu11;
				GCC_DYNAMIC_NO_PIC = NO;
				GCC_NO_COMMON_BLOCKS = YES;
				GCC_OPTIMIZATION_LEVEL = 0;
				GCC_PREPROCESSOR_DEFINITIONS = (
					"DEBUG=1",
					"$(inherited)",
				);
				GCC_WARN_64_TO_32_BIT_CONVERSION = YES;
				GCC_WARN_ABOUT_RETURN_TYPE = YES_ERROR;
				GCC_WARN_UNDECLARED_SELECTOR = YES;
				GCC_WARN_UNINITIALIZED_AUTOS = YES_AGGRESSIVE;
				GCC_WARN_UNUSED_FUNCTION = YES;
				GCC_WARN_UNUSED_VARIABLE = YES;
				IPHONEOS_DEPLOYMENT_TARGET = 15.4;
				MTL_ENABLE_DEBUG_INFO = INCLUDE_SOURCE;
				MTL_FAST_MATH = YES;
				ONLY_ACTIVE_ARCH = YES;
				SDKROOT = iphoneos;
				SWIFT_ACTIVE_COMPILATION_CONDITIONS = DEBUG;
				SWIFT_OPTIMIZATION_LEVEL = "-Onone";
			};
			name = Debug;
		};
		089529F928B2A53900A326BF /* Release */ = {
			isa = XCBuildConfiguration;
			buildSettings = {
				ALWAYS_SEARCH_USER_PATHS = NO;
				CLANG_ANALYZER_NONNULL = YES;
				CLANG_ANALYZER_NUMBER_OBJECT_CONVERSION = YES_AGGRESSIVE;
				CLANG_CXX_LANGUAGE_STANDARD = "gnu++17";
				CLANG_ENABLE_MODULES = YES;
				CLANG_ENABLE_OBJC_ARC = YES;
				CLANG_ENABLE_OBJC_WEAK = YES;
				CLANG_WARN_BLOCK_CAPTURE_AUTORELEASING = YES;
				CLANG_WARN_BOOL_CONVERSION = YES;
				CLANG_WARN_COMMA = YES;
				CLANG_WARN_CONSTANT_CONVERSION = YES;
				CLANG_WARN_DEPRECATED_OBJC_IMPLEMENTATIONS = YES;
				CLANG_WARN_DIRECT_OBJC_ISA_USAGE = YES_ERROR;
				CLANG_WARN_DOCUMENTATION_COMMENTS = YES;
				CLANG_WARN_EMPTY_BODY = YES;
				CLANG_WARN_ENUM_CONVERSION = YES;
				CLANG_WARN_INFINITE_RECURSION = YES;
				CLANG_WARN_INT_CONVERSION = YES;
				CLANG_WARN_NON_LITERAL_NULL_CONVERSION = YES;
				CLANG_WARN_OBJC_IMPLICIT_RETAIN_SELF = YES;
				CLANG_WARN_OBJC_LITERAL_CONVERSION = YES;
				CLANG_WARN_OBJC_ROOT_CLASS = YES_ERROR;
				CLANG_WARN_QUOTED_INCLUDE_IN_FRAMEWORK_HEADER = YES;
				CLANG_WARN_RANGE_LOOP_ANALYSIS = YES;
				CLANG_WARN_STRICT_PROTOTYPES = YES;
				CLANG_WARN_SUSPICIOUS_MOVE = YES;
				CLANG_WARN_UNGUARDED_AVAILABILITY = YES_AGGRESSIVE;
				CLANG_WARN_UNREACHABLE_CODE = YES;
				CLANG_WARN__DUPLICATE_METHOD_MATCH = YES;
				COPY_PHASE_STRIP = NO;
				DEBUG_INFORMATION_FORMAT = "dwarf-with-dsym";
				ENABLE_NS_ASSERTIONS = NO;
				ENABLE_STRICT_OBJC_MSGSEND = YES;
				GCC_C_LANGUAGE_STANDARD = gnu11;
				GCC_NO_COMMON_BLOCKS = YES;
				GCC_WARN_64_TO_32_BIT_CONVERSION = YES;
				GCC_WARN_ABOUT_RETURN_TYPE = YES_ERROR;
				GCC_WARN_UNDECLARED_SELECTOR = YES;
				GCC_WARN_UNINITIALIZED_AUTOS = YES_AGGRESSIVE;
				GCC_WARN_UNUSED_FUNCTION = YES;
				GCC_WARN_UNUSED_VARIABLE = YES;
				IPHONEOS_DEPLOYMENT_TARGET = 15.4;
				MTL_ENABLE_DEBUG_INFO = NO;
				MTL_FAST_MATH = YES;
				SDKROOT = iphoneos;
				SWIFT_COMPILATION_MODE = wholemodule;
				SWIFT_OPTIMIZATION_LEVEL = "-O";
				VALIDATE_PRODUCT = YES;
			};
			name = Release;
		};
		089529FB28B2A53900A326BF /* Debug */ = {
			isa = XCBuildConfiguration;
			buildSettings = {
				ASSETCATALOG_COMPILER_APPICON_NAME = AppIcon;
				ASSETCATALOG_COMPILER_GLOBAL_ACCENT_COLOR_NAME = AccentColor;
				CODE_SIGN_STYLE = Automatic;
				CURRENT_PROJECT_VERSION = 1;
				DEVELOPMENT_TEAM = CFVDGKJNN6;
				GENERATE_INFOPLIST_FILE = YES;
				INFOPLIST_FILE = "Crypto-Currency-App-MVVM/Info.plist";
				INFOPLIST_KEY_UIApplicationSupportsIndirectInputEvents = YES;
				INFOPLIST_KEY_UILaunchStoryboardName = LaunchScreen;
				INFOPLIST_KEY_UIMainStoryboardFile = Main;
				INFOPLIST_KEY_UISupportedInterfaceOrientations_iPad = "UIInterfaceOrientationPortrait UIInterfaceOrientationPortraitUpsideDown UIInterfaceOrientationLandscapeLeft UIInterfaceOrientationLandscapeRight";
				INFOPLIST_KEY_UISupportedInterfaceOrientations_iPhone = "UIInterfaceOrientationPortrait UIInterfaceOrientationLandscapeLeft UIInterfaceOrientationLandscapeRight";
				LD_RUNPATH_SEARCH_PATHS = (
					"$(inherited)",
					"@executable_path/Frameworks",
				);
				MARKETING_VERSION = 1.0;
				PRODUCT_BUNDLE_IDENTIFIER = "com.mustafacicek.Crypto-Currency-App-MVVM";
				PRODUCT_NAME = "$(TARGET_NAME)";
				SWIFT_EMIT_LOC_STRINGS = YES;
				SWIFT_VERSION = 5.0;
				TARGETED_DEVICE_FAMILY = "1,2";
			};
			name = Debug;
		};
		089529FC28B2A53900A326BF /* Release */ = {
			isa = XCBuildConfiguration;
			buildSettings = {
				ASSETCATALOG_COMPILER_APPICON_NAME = AppIcon;
				ASSETCATALOG_COMPILER_GLOBAL_ACCENT_COLOR_NAME = AccentColor;
				CODE_SIGN_STYLE = Automatic;
				CURRENT_PROJECT_VERSION = 1;
				DEVELOPMENT_TEAM = CFVDGKJNN6;
				GENERATE_INFOPLIST_FILE = YES;
				INFOPLIST_FILE = "Crypto-Currency-App-MVVM/Info.plist";
				INFOPLIST_KEY_UIApplicationSupportsIndirectInputEvents = YES;
				INFOPLIST_KEY_UILaunchStoryboardName = LaunchScreen;
				INFOPLIST_KEY_UIMainStoryboardFile = Main;
				INFOPLIST_KEY_UISupportedInterfaceOrientations_iPad = "UIInterfaceOrientationPortrait UIInterfaceOrientationPortraitUpsideDown UIInterfaceOrientationLandscapeLeft UIInterfaceOrientationLandscapeRight";
				INFOPLIST_KEY_UISupportedInterfaceOrientations_iPhone = "UIInterfaceOrientationPortrait UIInterfaceOrientationLandscapeLeft UIInterfaceOrientationLandscapeRight";
				LD_RUNPATH_SEARCH_PATHS = (
					"$(inherited)",
					"@executable_path/Frameworks",
				);
				MARKETING_VERSION = 1.0;
				PRODUCT_BUNDLE_IDENTIFIER = "com.mustafacicek.Crypto-Currency-App-MVVM";
				PRODUCT_NAME = "$(TARGET_NAME)";
				SWIFT_EMIT_LOC_STRINGS = YES;
				SWIFT_VERSION = 5.0;
				TARGETED_DEVICE_FAMILY = "1,2";
			};
			name = Release;
		};
/* End XCBuildConfiguration section */

/* Begin XCConfigurationList section */
		089529E128B2A53800A326BF /* Build configuration list for PBXProject "Crypto-Currency-App-MVVM" */ = {
			isa = XCConfigurationList;
			buildConfigurations = (
				089529F828B2A53900A326BF /* Debug */,
				089529F928B2A53900A326BF /* Release */,
			);
			defaultConfigurationIsVisible = 0;
			defaultConfigurationName = Release;
		};
		089529FA28B2A53900A326BF /* Build configuration list for PBXNativeTarget "Crypto-Currency-App-MVVM" */ = {
			isa = XCConfigurationList;
			buildConfigurations = (
				089529FB28B2A53900A326BF /* Debug */,
				089529FC28B2A53900A326BF /* Release */,
			);
			defaultConfigurationIsVisible = 0;
			defaultConfigurationName = Release;
		};
/* End XCConfigurationList section */
	};
	rootObject = 089529DE28B2A53800A326BF /* Project object */;
}
